
Microsoft Visual Studio Solution File, Format Version 12.00
# Visual Studio Version 17
VisualStudioVersion = 17.8.34309.116
MinimumVisualStudioVersion = 10.0.40219.1
Project("{9A19103F-16F7-4668-BE54-9A1E7A4F7556}") = "ContractIndexer", "src\ContractIndexer.csproj", "{7D8DA719-43E7-44B8-B503-44A3D0EE6713}"
EndProject
Project("{9A19103F-16F7-4668-BE54-9A1E7A4F7556}") = "pocketbase-csharp-sdk", "lib\pocketbase-csharp-sdk\pocketbase-csharp-sdk\pocketbase-csharp-sdk.csproj", "{AAA54FC8-32C0-4DD8-94AD-4B17538899E9}"
EndProject
Global
	GlobalSection(SolutionConfigurationPlatforms) = preSolution
		Debug|Any CPU = Debug|Any CPU
		Release|Any CPU = Release|Any CPU
	EndGlobalSection
	GlobalSection(ProjectConfigurationPlatforms) = postSolution
		{7D8DA719-43E7-44B8-B503-44A3D0EE6713}.Debug|Any CPU.ActiveCfg = Debug|Any CPU
		{7D8DA719-43E7-44B8-B503-44A3D0EE6713}.Debug|Any CPU.Build.0 = Debug|Any CPU
		{7D8DA719-43E7-44B8-B503-44A3D0EE6713}.Release|Any CPU.ActiveCfg = Release|Any CPU
		{7D8DA719-43E7-44B8-B503-44A3D0EE6713}.Release|Any CPU.Build.0 = Release|Any CPU
		{AAA54FC8-32C0-4DD8-94AD-4B17538899E9}.Debug|Any CPU.ActiveCfg = Debug|Any CPU
		{AAA54FC8-32C0-4DD8-94AD-4B17538899E9}.Debug|Any CPU.Build.0 = Debug|Any CPU
		{AAA54FC8-32C0-4DD8-94AD-4B17538899E9}.Release|Any CPU.ActiveCfg = Release|Any CPU
		{AAA54FC8-32C0-4DD8-94AD-4B17538899E9}.Release|Any CPU.Build.0 = Release|Any CPU
	EndGlobalSection
	GlobalSection(SolutionProperties) = preSolution
		HideSolutionNode = FALSE
	EndGlobalSection
	GlobalSection(ExtensibilityGlobals) = postSolution
		SolutionGuid = {7A6197C1-BCFB-4675-9900-71CE7E850BD4}
	EndGlobalSection
EndGlobal
